// !$*UTF8*$!
{
	archiveVersion = 1;
	classes = {
	};
	objectVersion = 50;
	objects = {

/* Begin PBXBuildFile section */
		5E50C21C25C4801B00654082 /* Tests_iOS.swift in Sources */ = {isa = PBXBuildFile; fileRef = 5E50C21B25C4801B00654082 /* Tests_iOS.swift */; };
		5E50C22725C4801B00654082 /* Tests_macOS.swift in Sources */ = {isa = PBXBuildFile; fileRef = 5E50C22625C4801B00654082 /* Tests_macOS.swift */; };
		5E50C22925C4801B00654082 /* PlottingTESTApp.swift in Sources */ = {isa = PBXBuildFile; fileRef = 5E50C20025C4801A00654082 /* PlottingTESTApp.swift */; };
		5E50C22A25C4801B00654082 /* PlottingTESTApp.swift in Sources */ = {isa = PBXBuildFile; fileRef = 5E50C20025C4801A00654082 /* PlottingTESTApp.swift */; };
		5E50C22B25C4801B00654082 /* ContentView.swift in Sources */ = {isa = PBXBuildFile; fileRef = 5E50C20125C4801A00654082 /* ContentView.swift */; };
		5E50C22C25C4801B00654082 /* ContentView.swift in Sources */ = {isa = PBXBuildFile; fileRef = 5E50C20125C4801A00654082 /* ContentView.swift */; };
		5E50C22D25C4801B00654082 /* Assets.xcassets in Resources */ = {isa = PBXBuildFile; fileRef = 5E50C20225C4801B00654082 /* Assets.xcassets */; };
		5E50C22E25C4801B00654082 /* Assets.xcassets in Resources */ = {isa = PBXBuildFile; fileRef = 5E50C20225C4801B00654082 /* Assets.xcassets */; };
/* End PBXBuildFile section */

/* Begin PBXContainerItemProxy section */
		5E50C21825C4801B00654082 /* PBXContainerItemProxy */ = {
			isa = PBXContainerItemProxy;
			containerPortal = 5E50C1FB25C4801A00654082 /* Project object */;
			proxyType = 1;
			remoteGlobalIDString = 5E50C20625C4801B00654082;
			remoteInfo = "PlottingTEST (iOS)";
		};
		5E50C22325C4801B00654082 /* PBXContainerItemProxy */ = {
			isa = PBXContainerItemProxy;
			containerPortal = 5E50C1FB25C4801A00654082 /* Project object */;
			proxyType = 1;
			remoteGlobalIDString = 5E50C20E25C4801B00654082;
			remoteInfo = "PlottingTEST (macOS)";
		};
/* End PBXContainerItemProxy section */

/* Begin PBXFileReference section */
		5E50C20025C4801A00654082 /* PlottingTESTApp.swift */ = {isa = PBXFileReference; lastKnownFileType = sourcecode.swift; path = PlottingTESTApp.swift; sourceTree = "<group>"; };
		5E50C20125C4801A00654082 /* ContentView.swift */ = {isa = PBXFileReference; lastKnownFileType = sourcecode.swift; path = ContentView.swift; sourceTree = "<group>"; };
		5E50C20225C4801B00654082 /* Assets.xcassets */ = {isa = PBXFileReference; lastKnownFileType = folder.assetcatalog; path = Assets.xcassets; sourceTree = "<group>"; };
		5E50C20725C4801B00654082 /* PlottingTEST.app */ = {isa = PBXFileReference; explicitFileType = wrapper.application; includeInIndex = 0; path = PlottingTEST.app; sourceTree = BUILT_PRODUCTS_DIR; };
		5E50C20A25C4801B00654082 /* Info.plist */ = {isa = PBXFileReference; lastKnownFileType = text.plist.xml; path = Info.plist; sourceTree = "<group>"; };
		5E50C20F25C4801B00654082 /* PlottingTEST.app */ = {isa = PBXFileReference; explicitFileType = wrapper.application; includeInIndex = 0; path = PlottingTEST.app; sourceTree = BUILT_PRODUCTS_DIR; };
		5E50C21125C4801B00654082 /* Info.plist */ = {isa = PBXFileReference; lastKnownFileType = text.plist.xml; path = Info.plist; sourceTree = "<group>"; };
		5E50C21225C4801B00654082 /* macOS.entitlements */ = {isa = PBXFileReference; lastKnownFileType = text.plist.entitlements; path = macOS.entitlements; sourceTree = "<group>"; };
		5E50C21725C4801B00654082 /* Tests iOS.xctest */ = {isa = PBXFileReference; explicitFileType = wrapper.cfbundle; includeInIndex = 0; path = "Tests iOS.xctest"; sourceTree = BUILT_PRODUCTS_DIR; };
		5E50C21B25C4801B00654082 /* Tests_iOS.swift */ = {isa = PBXFileReference; lastKnownFileType = sourcecode.swift; path = Tests_iOS.swift; sourceTree = "<group>"; };
		5E50C21D25C4801B00654082 /* Info.plist */ = {isa = PBXFileReference; lastKnownFileType = text.plist.xml; path = Info.plist; sourceTree = "<group>"; };
		5E50C22225C4801B00654082 /* Tests macOS.xctest */ = {isa = PBXFileReference; explicitFileType = wrapper.cfbundle; includeInIndex = 0; path = "Tests macOS.xctest"; sourceTree = BUILT_PRODUCTS_DIR; };
		5E50C22625C4801B00654082 /* Tests_macOS.swift */ = {isa = PBXFileReference; lastKnownFileType = sourcecode.swift; path = Tests_macOS.swift; sourceTree = "<group>"; };
		5E50C22825C4801B00654082 /* Info.plist */ = {isa = PBXFileReference; lastKnownFileType = text.plist.xml; path = Info.plist; sourceTree = "<group>"; };
/* End PBXFileReference section */

/* Begin PBXFrameworksBuildPhase section */
		5E50C20425C4801B00654082 /* Frameworks */ = {
			isa = PBXFrameworksBuildPhase;
			buildActionMask = 2147483647;
			files = (
			);
			runOnlyForDeploymentPostprocessing = 0;
		};
		5E50C20C25C4801B00654082 /* Frameworks */ = {
			isa = PBXFrameworksBuildPhase;
			buildActionMask = 2147483647;
			files = (
			);
			runOnlyForDeploymentPostprocessing = 0;
		};
		5E50C21425C4801B00654082 /* Frameworks */ = {
			isa = PBXFrameworksBuildPhase;
			buildActionMask = 2147483647;
			files = (
			);
			runOnlyForDeploymentPostprocessing = 0;
		};
		5E50C21F25C4801B00654082 /* Frameworks */ = {
			isa = PBXFrameworksBuildPhase;
			buildActionMask = 2147483647;
			files = (
			);
			runOnlyForDeploymentPostprocessing = 0;
		};
/* End PBXFrameworksBuildPhase section */

/* Begin PBXGroup section */
		5E50C1FA25C4801A00654082 = {
			isa = PBXGroup;
			children = (
				5E50C1FF25C4801A00654082 /* Shared */,
				5E50C20925C4801B00654082 /* iOS */,
				5E50C21025C4801B00654082 /* macOS */,
				5E50C21A25C4801B00654082 /* Tests iOS */,
				5E50C22525C4801B00654082 /* Tests macOS */,
				5E50C20825C4801B00654082 /* Products */,
			);
			sourceTree = "<group>";
		};
		5E50C1FF25C4801A00654082 /* Shared */ = {
			isa = PBXGroup;
			children = (
				5E50C20025C4801A00654082 /* PlottingTESTApp.swift */,
				5E50C20125C4801A00654082 /* ContentView.swift */,
				5E50C20225C4801B00654082 /* Assets.xcassets */,
			);
			path = Shared;
			sourceTree = "<group>";
		};
		5E50C20825C4801B00654082 /* Products */ = {
			isa = PBXGroup;
			children = (
				5E50C20725C4801B00654082 /* PlottingTEST.app */,
				5E50C20F25C4801B00654082 /* PlottingTEST.app */,
				5E50C21725C4801B00654082 /* Tests iOS.xctest */,
				5E50C22225C4801B00654082 /* Tests macOS.xctest */,
			);
			name = Products;
			sourceTree = "<group>";
		};
		5E50C20925C4801B00654082 /* iOS */ = {
			isa = PBXGroup;
			children = (
				5E50C20A25C4801B00654082 /* Info.plist */,
			);
			path = iOS;
			sourceTree = "<group>";
		};
		5E50C21025C4801B00654082 /* macOS */ = {
			isa = PBXGroup;
			children = (
				5E50C21125C4801B00654082 /* Info.plist */,
				5E50C21225C4801B00654082 /* macOS.entitlements */,
			);
			path = macOS;
			sourceTree = "<group>";
		};
		5E50C21A25C4801B00654082 /* Tests iOS */ = {
			isa = PBXGroup;
			children = (
				5E50C21B25C4801B00654082 /* Tests_iOS.swift */,
				5E50C21D25C4801B00654082 /* Info.plist */,
			);
			path = "Tests iOS";
			sourceTree = "<group>";
		};
		5E50C22525C4801B00654082 /* Tests macOS */ = {
			isa = PBXGroup;
			children = (
				5E50C22625C4801B00654082 /* Tests_macOS.swift */,
				5E50C22825C4801B00654082 /* Info.plist */,
			);
			path = "Tests macOS";
			sourceTree = "<group>";
		};
/* End PBXGroup section */

/* Begin PBXNativeTarget section */
		5E50C20625C4801B00654082 /* PlottingTEST (iOS) */ = {
			isa = PBXNativeTarget;
			buildConfigurationList = 5E50C23125C4801B00654082 /* Build configuration list for PBXNativeTarget "PlottingTEST (iOS)" */;
			buildPhases = (
				5E50C20325C4801B00654082 /* Sources */,
				5E50C20425C4801B00654082 /* Frameworks */,
				5E50C20525C4801B00654082 /* Resources */,
			);
			buildRules = (
			);
			dependencies = (
			);
			name = "PlottingTEST (iOS)";
			productName = "PlottingTEST (iOS)";
			productReference = 5E50C20725C4801B00654082 /* PlottingTEST.app */;
			productType = "com.apple.product-type.application";
		};
		5E50C20E25C4801B00654082 /* PlottingTEST (macOS) */ = {
			isa = PBXNativeTarget;
			buildConfigurationList = 5E50C23425C4801B00654082 /* Build configuration list for PBXNativeTarget "PlottingTEST (macOS)" */;
			buildPhases = (
				5E50C20B25C4801B00654082 /* Sources */,
				5E50C20C25C4801B00654082 /* Frameworks */,
				5E50C20D25C4801B00654082 /* Resources */,
			);
			buildRules = (
			);
			dependencies = (
			);
			name = "PlottingTEST (macOS)";
			productName = "PlottingTEST (macOS)";
			productReference = 5E50C20F25C4801B00654082 /* PlottingTEST.app */;
			productType = "com.apple.product-type.application";
		};
		5E50C21625C4801B00654082 /* Tests iOS */ = {
			isa = PBXNativeTarget;
			buildConfigurationList = 5E50C23725C4801B00654082 /* Build configuration list for PBXNativeTarget "Tests iOS" */;
			buildPhases = (
				5E50C21325C4801B00654082 /* Sources */,
				5E50C21425C4801B00654082 /* Frameworks */,
				5E50C21525C4801B00654082 /* Resources */,
			);
			buildRules = (
			);
			dependencies = (
				5E50C21925C4801B00654082 /* PBXTargetDependency */,
			);
			name = "Tests iOS";
			productName = "Tests iOS";
			productReference = 5E50C21725C4801B00654082 /* Tests iOS.xctest */;
			productType = "com.apple.product-type.bundle.ui-testing";
		};
		5E50C22125C4801B00654082 /* Tests macOS */ = {
			isa = PBXNativeTarget;
			buildConfigurationList = 5E50C23A25C4801B00654082 /* Build configuration list for PBXNativeTarget "Tests macOS" */;
			buildPhases = (
				5E50C21E25C4801B00654082 /* Sources */,
				5E50C21F25C4801B00654082 /* Frameworks */,
				5E50C22025C4801B00654082 /* Resources */,
			);
			buildRules = (
			);
			dependencies = (
				5E50C22425C4801B00654082 /* PBXTargetDependency */,
			);
			name = "Tests macOS";
			productName = "Tests macOS";
			productReference = 5E50C22225C4801B00654082 /* Tests macOS.xctest */;
			productType = "com.apple.product-type.bundle.ui-testing";
		};
/* End PBXNativeTarget section */

/* Begin PBXProject section */
		5E50C1FB25C4801A00654082 /* Project object */ = {
			isa = PBXProject;
			attributes = {
				LastSwiftUpdateCheck = 1240;
				LastUpgradeCheck = 1240;
				TargetAttributes = {
					5E50C20625C4801B00654082 = {
						CreatedOnToolsVersion = 12.4;
					};
					5E50C20E25C4801B00654082 = {
						CreatedOnToolsVersion = 12.4;
					};
					5E50C21625C4801B00654082 = {
						CreatedOnToolsVersion = 12.4;
						TestTargetID = 5E50C20625C4801B00654082;
					};
					5E50C22125C4801B00654082 = {
						CreatedOnToolsVersion = 12.4;
						TestTargetID = 5E50C20E25C4801B00654082;
					};
				};
			};
			buildConfigurationList = 5E50C1FE25C4801A00654082 /* Build configuration list for PBXProject "PlottingTEST" */;
			compatibilityVersion = "Xcode 9.3";
			developmentRegion = en;
			hasScannedForEncodings = 0;
			knownRegions = (
				en,
				Base,
			);
			mainGroup = 5E50C1FA25C4801A00654082;
			productRefGroup = 5E50C20825C4801B00654082 /* Products */;
			projectDirPath = "";
			projectRoot = "";
			targets = (
				5E50C20625C4801B00654082 /* PlottingTEST (iOS) */,
				5E50C20E25C4801B00654082 /* PlottingTEST (macOS) */,
				5E50C21625C4801B00654082 /* Tests iOS */,
				5E50C22125C4801B00654082 /* Tests macOS */,
			);
		};
/* End PBXProject section */

/* Begin PBXResourcesBuildPhase section */
		5E50C20525C4801B00654082 /* Resources */ = {
			isa = PBXResourcesBuildPhase;
			buildActionMask = 2147483647;
			files = (
				5E50C22D25C4801B00654082 /* Assets.xcassets in Resources */,
			);
			runOnlyForDeploymentPostprocessing = 0;
		};
		5E50C20D25C4801B00654082 /* Resources */ = {
			isa = PBXResourcesBuildPhase;
			buildActionMask = 2147483647;
			files = (
				5E50C22E25C4801B00654082 /* Assets.xcassets in Resources */,
			);
			runOnlyForDeploymentPostprocessing = 0;
		};
		5E50C21525C4801B00654082 /* Resources */ = {
			isa = PBXResourcesBuildPhase;
			buildActionMask = 2147483647;
			files = (
			);
			runOnlyForDeploymentPostprocessing = 0;
		};
		5E50C22025C4801B00654082 /* Resources */ = {
			isa = PBXResourcesBuildPhase;
			buildActionMask = 2147483647;
			files = (
			);
			runOnlyForDeploymentPostprocessing = 0;
		};
/* End PBXResourcesBuildPhase section */

/* Begin PBXSourcesBuildPhase section */
		5E50C20325C4801B00654082 /* Sources */ = {
			isa = PBXSourcesBuildPhase;
			buildActionMask = 2147483647;
			files = (
				5E50C22B25C4801B00654082 /* ContentView.swift in Sources */,
				5E50C22925C4801B00654082 /* PlottingTESTApp.swift in Sources */,
			);
			runOnlyForDeploymentPostprocessing = 0;
		};
		5E50C20B25C4801B00654082 /* Sources */ = {
			isa = PBXSourcesBuildPhase;
			buildActionMask = 2147483647;
			files = (
				5E50C22C25C4801B00654082 /* ContentView.swift in Sources */,
				5E50C22A25C4801B00654082 /* PlottingTESTApp.swift in Sources */,
			);
			runOnlyForDeploymentPostprocessing = 0;
		};
		5E50C21325C4801B00654082 /* Sources */ = {
			isa = PBXSourcesBuildPhase;
			buildActionMask = 2147483647;
			files = (
				5E50C21C25C4801B00654082 /* Tests_iOS.swift in Sources */,
			);
			runOnlyForDeploymentPostprocessing = 0;
		};
		5E50C21E25C4801B00654082 /* Sources */ = {
			isa = PBXSourcesBuildPhase;
			buildActionMask = 2147483647;
			files = (
				5E50C22725C4801B00654082 /* Tests_macOS.swift in Sources */,
			);
			runOnlyForDeploymentPostprocessing = 0;
		};
/* End PBXSourcesBuildPhase section */

/* Begin PBXTargetDependency section */
		5E50C21925C4801B00654082 /* PBXTargetDependency */ = {
			isa = PBXTargetDependency;
			target = 5E50C20625C4801B00654082 /* PlottingTEST (iOS) */;
			targetProxy = 5E50C21825C4801B00654082 /* PBXContainerItemProxy */;
		};
		5E50C22425C4801B00654082 /* PBXTargetDependency */ = {
			isa = PBXTargetDependency;
			target = 5E50C20E25C4801B00654082 /* PlottingTEST (macOS) */;
			targetProxy = 5E50C22325C4801B00654082 /* PBXContainerItemProxy */;
		};
/* End PBXTargetDependency section */

/* Begin XCBuildConfiguration section */
		5E50C22F25C4801B00654082 /* Debug */ = {
			isa = XCBuildConfiguration;
			buildSettings = {
				ALWAYS_SEARCH_USER_PATHS = NO;
				CLANG_ANALYZER_NONNULL = YES;
				CLANG_ANALYZER_NUMBER_OBJECT_CONVERSION = YES_AGGRESSIVE;
				CLANG_CXX_LANGUAGE_STANDARD = "gnu++14";
				CLANG_CXX_LIBRARY = "libc++";
				CLANG_ENABLE_MODULES = YES;
				CLANG_ENABLE_OBJC_ARC = YES;
				CLANG_ENABLE_OBJC_WEAK = YES;
				CLANG_WARN_BLOCK_CAPTURE_AUTORELEASING = YES;
				CLANG_WARN_BOOL_CONVERSION = YES;
				CLANG_WARN_COMMA = YES;
				CLANG_WARN_CONSTANT_CONVERSION = YES;
				CLANG_WARN_DEPRECATED_OBJC_IMPLEMENTATIONS = YES;
				CLANG_WARN_DIRECT_OBJC_ISA_USAGE = YES_ERROR;
				CLANG_WARN_DOCUMENTATION_COMMENTS = YES;
				CLANG_WARN_EMPTY_BODY = YES;
				CLANG_WARN_ENUM_CONVERSION = YES;
				CLANG_WARN_INFINITE_RECURSION = YES;
				CLANG_WARN_INT_CONVERSION = YES;
				CLANG_WARN_NON_LITERAL_NULL_CONVERSION = YES;
				CLANG_WARN_OBJC_IMPLICIT_RETAIN_SELF = YES;
				CLANG_WARN_OBJC_LITERAL_CONVERSION = YES;
				CLANG_WARN_OBJC_ROOT_CLASS = YES_ERROR;
				CLANG_WARN_QUOTED_INCLUDE_IN_FRAMEWORK_HEADER = YES;
				CLANG_WARN_RANGE_LOOP_ANALYSIS = YES;
				CLANG_WARN_STRICT_PROTOTYPES = YES;
				CLANG_WARN_SUSPICIOUS_MOVE = YES;
				CLANG_WARN_UNGUARDED_AVAILABILITY = YES_AGGRESSIVE;
				CLANG_WARN_UNREACHABLE_CODE = YES;
				CLANG_WARN__DUPLICATE_METHOD_MATCH = YES;
				COPY_PHASE_STRIP = NO;
				DEBUG_INFORMATION_FORMAT = dwarf;
				ENABLE_STRICT_OBJC_MSGSEND = YES;
				ENABLE_TESTABILITY = YES;
				GCC_C_LANGUAGE_STANDARD = gnu11;
				GCC_DYNAMIC_NO_PIC = NO;
				GCC_NO_COMMON_BLOCKS = YES;
				GCC_OPTIMIZATION_LEVEL = 0;
				GCC_PREPROCESSOR_DEFINITIONS = (
					"DEBUG=1",
					"$(inherited)",
				);
				GCC_WARN_64_TO_32_BIT_CONVERSION = YES;
				GCC_WARN_ABOUT_RETURN_TYPE = YES_ERROR;
				GCC_WARN_UNDECLARED_SELECTOR = YES;
				GCC_WARN_UNINITIALIZED_AUTOS = YES_AGGRESSIVE;
				GCC_WARN_UNUSED_FUNCTION = YES;
				GCC_WARN_UNUSED_VARIABLE = YES;
				MTL_ENABLE_DEBUG_INFO = INCLUDE_SOURCE;
				MTL_FAST_MATH = YES;
				ONLY_ACTIVE_ARCH = YES;
				SWIFT_ACTIVE_COMPILATION_CONDITIONS = DEBUG;
				SWIFT_OPTIMIZATION_LEVEL = "-Onone";
			};
			name = Debug;
		};
		5E50C23025C4801B00654082 /* Release */ = {
			isa = XCBuildConfiguration;
			buildSettings = {
				ALWAYS_SEARCH_USER_PATHS = NO;
				CLANG_ANALYZER_NONNULL = YES;
				CLANG_ANALYZER_NUMBER_OBJECT_CONVERSION = YES_AGGRESSIVE;
				CLANG_CXX_LANGUAGE_STANDARD = "gnu++14";
				CLANG_CXX_LIBRARY = "libc++";
				CLANG_ENABLE_MODULES = YES;
				CLANG_ENABLE_OBJC_ARC = YES;
				CLANG_ENABLE_OBJC_WEAK = YES;
				CLANG_WARN_BLOCK_CAPTURE_AUTORELEASING = YES;
				CLANG_WARN_BOOL_CONVERSION = YES;
				CLANG_WARN_COMMA = YES;
				CLANG_WARN_CONSTANT_CONVERSION = YES;
				CLANG_WARN_DEPRECATED_OBJC_IMPLEMENTATIONS = YES;
				CLANG_WARN_DIRECT_OBJC_ISA_USAGE = YES_ERROR;
				CLANG_WARN_DOCUMENTATION_COMMENTS = YES;
				CLANG_WARN_EMPTY_BODY = YES;
				CLANG_WARN_ENUM_CONVERSION = YES;
				CLANG_WARN_INFINITE_RECURSION = YES;
				CLANG_WARN_INT_CONVERSION = YES;
				CLANG_WARN_NON_LITERAL_NULL_CONVERSION = YES;
				CLANG_WARN_OBJC_IMPLICIT_RETAIN_SELF = YES;
				CLANG_WARN_OBJC_LITERAL_CONVERSION = YES;
				CLANG_WARN_OBJC_ROOT_CLASS = YES_ERROR;
				CLANG_WARN_QUOTED_INCLUDE_IN_FRAMEWORK_HEADER = YES;
				CLANG_WARN_RANGE_LOOP_ANALYSIS = YES;
				CLANG_WARN_STRICT_PROTOTYPES = YES;
				CLANG_WARN_SUSPICIOUS_MOVE = YES;
				CLANG_WARN_UNGUARDED_AVAILABILITY = YES_AGGRESSIVE;
				CLANG_WARN_UNREACHABLE_CODE = YES;
				CLANG_WARN__DUPLICATE_METHOD_MATCH = YES;
				COPY_PHASE_STRIP = NO;
				DEBUG_INFORMATION_FORMAT = "dwarf-with-dsym";
				ENABLE_NS_ASSERTIONS = NO;
				ENABLE_STRICT_OBJC_MSGSEND = YES;
				GCC_C_LANGUAGE_STANDARD = gnu11;
				GCC_NO_COMMON_BLOCKS = YES;
				GCC_WARN_64_TO_32_BIT_CONVERSION = YES;
				GCC_WARN_ABOUT_RETURN_TYPE = YES_ERROR;
				GCC_WARN_UNDECLARED_SELECTOR = YES;
				GCC_WARN_UNINITIALIZED_AUTOS = YES_AGGRESSIVE;
				GCC_WARN_UNUSED_FUNCTION = YES;
				GCC_WARN_UNUSED_VARIABLE = YES;
				MTL_ENABLE_DEBUG_INFO = NO;
				MTL_FAST_MATH = YES;
				SWIFT_COMPILATION_MODE = wholemodule;
				SWIFT_OPTIMIZATION_LEVEL = "-O";
			};
			name = Release;
		};
		5E50C23225C4801B00654082 /* Debug */ = {
			isa = XCBuildConfiguration;
			buildSettings = {
				ASSETCATALOG_COMPILER_APPICON_NAME = AppIcon;
				ASSETCATALOG_COMPILER_GLOBAL_ACCENT_COLOR_NAME = AccentColor;
				CODE_SIGN_STYLE = Automatic;
				DEVELOPMENT_TEAM = 5TM2BRZ696;
				ENABLE_PREVIEWS = YES;
				INFOPLIST_FILE = iOS/Info.plist;
				IPHONEOS_DEPLOYMENT_TARGET = 14.0;
				LD_RUNPATH_SEARCH_PATHS = (
					"$(inherited)",
					"@executable_path/Frameworks",
				);
				PRODUCT_BUNDLE_IDENTIFIER = com.IITwrl.PlottingTEST;
				PRODUCT_NAME = PlottingTEST;
				SDKROOT = iphoneos;
				SWIFT_VERSION = 5.0;
				TARGETED_DEVICE_FAMILY = "1,2";
			};
			name = Debug;
		};
		5E50C23325C4801B00654082 /* Release */ = {
			isa = XCBuildConfiguration;
			buildSettings = {
				ASSETCATALOG_COMPILER_APPICON_NAME = AppIcon;
				ASSETCATALOG_COMPILER_GLOBAL_ACCENT_COLOR_NAME = AccentColor;
				CODE_SIGN_STYLE = Automatic;
				DEVELOPMENT_TEAM = 5TM2BRZ696;
				ENABLE_PREVIEWS = YES;
				INFOPLIST_FILE = iOS/Info.plist;
				IPHONEOS_DEPLOYMENT_TARGET = 14.0;
				LD_RUNPATH_SEARCH_PATHS = (
					"$(inherited)",
					"@executable_path/Frameworks",
				);
				PRODUCT_BUNDLE_IDENTIFIER = com.IITwrl.PlottingTEST;
				PRODUCT_NAME = PlottingTEST;
				SDKROOT = iphoneos;
				SWIFT_VERSION = 5.0;
				TARGETED_DEVICE_FAMILY = "1,2";
				VALIDATE_PRODUCT = YES;
			};
			name = Release;
		};
		5E50C23525C4801B00654082 /* Debug */ = {
			isa = XCBuildConfiguration;
			buildSettings = {
				ASSETCATALOG_COMPILER_APPICON_NAME = AppIcon;
				ASSETCATALOG_COMPILER_GLOBAL_ACCENT_COLOR_NAME = AccentColor;
				CODE_SIGN_ENTITLEMENTS = macOS/macOS.entitlements;
				CODE_SIGN_STYLE = Automatic;
				COMBINE_HIDPI_IMAGES = YES;
				DEVELOPMENT_TEAM = 5TM2BRZ696;
				ENABLE_HARDENED_RUNTIME = YES;
				ENABLE_PREVIEWS = YES;
				INFOPLIST_FILE = macOS/Info.plist;
				LD_RUNPATH_SEARCH_PATHS = (
					"$(inherited)",
					"@executable_path/../Frameworks",
				);
				MACOSX_DEPLOYMENT_TARGET = 11.0;
				PRODUCT_BUNDLE_IDENTIFIER = com.IITwrl.PlottingTEST;
				PRODUCT_NAME = PlottingTEST;
				SDKROOT = macosx;
				SWIFT_VERSION = 5.0;
			};
			name = Debug;
		};
		5E50C23625C4801B00654082 /* Release */ = {
			isa = XCBuildConfiguration;
			buildSettings = {
				ASSETCATALOG_COMPILER_APPICON_NAME = AppIcon;
				ASSETCATALOG_COMPILER_GLOBAL_ACCENT_COLOR_NAME = AccentColor;
				CODE_SIGN_ENTITLEMENTS = macOS/macOS.entitlements;
				CODE_SIGN_STYLE = Automatic;
				COMBINE_HIDPI_IMAGES = YES;
				DEVELOPMENT_TEAM = 5TM2BRZ696;
				ENABLE_HARDENED_RUNTIME = YES;
				ENABLE_PREVIEWS = YES;
				INFOPLIST_FILE = macOS/Info.plist;
				LD_RUNPATH_SEARCH_PATHS = (
					"$(inherited)",
					"@executable_path/../Frameworks",
				);
				MACOSX_DEPLOYMENT_TARGET = 11.0;
				PRODUCT_BUNDLE_IDENTIFIER = com.IITwrl.PlottingTEST;
				PRODUCT_NAME = PlottingTEST;
				SDKROOT = macosx;
				SWIFT_VERSION = 5.0;
			};
			name = Release;
		};
		5E50C23825C4801B00654082 /* Debug */ = {
			isa = XCBuildConfiguration;
			buildSettings = {
				ALWAYS_EMBED_SWIFT_STANDARD_LIBRARIES = YES;
				CODE_SIGN_STYLE = Automatic;
				DEVELOPMENT_TEAM = 5TM2BRZ696;
				INFOPLIST_FILE = "Tests iOS/Info.plist";
				IPHONEOS_DEPLOYMENT_TARGET = 14.4;
				LD_RUNPATH_SEARCH_PATHS = (
					"$(inherited)",
					"@executable_path/Frameworks",
					"@loader_path/Frameworks",
				);
				PRODUCT_BUNDLE_IDENTIFIER = "com.IITwrl.Tests-iOS";
				PRODUCT_NAME = "$(TARGET_NAME)";
				SDKROOT = iphoneos;
				SWIFT_VERSION = 5.0;
				TARGETED_DEVICE_FAMILY = "1,2";
				TEST_TARGET_NAME = "PlottingTEST (iOS)";
			};
			name = Debug;
		};
		5E50C23925C4801B00654082 /* Release */ = {
			isa = XCBuildConfiguration;
			buildSettings = {
				ALWAYS_EMBED_SWIFT_STANDARD_LIBRARIES = YES;
				CODE_SIGN_STYLE = Automatic;
				DEVELOPMENT_TEAM = 5TM2BRZ696;
				INFOPLIST_FILE = "Tests iOS/Info.plist";
				IPHONEOS_DEPLOYMENT_TARGET = 14.4;
				LD_RUNPATH_SEARCH_PATHS = (
					"$(inherited)",
					"@executable_path/Frameworks",
					"@loader_path/Frameworks",
				);
				PRODUCT_BUNDLE_IDENTIFIER = "com.IITwrl.Tests-iOS";
				PRODUCT_NAME = "$(TARGET_NAME)";
				SDKROOT = iphoneos;
				SWIFT_VERSION = 5.0;
				TARGETED_DEVICE_FAMILY = "1,2";
				TEST_TARGET_NAME = "PlottingTEST (iOS)";
				VALIDATE_PRODUCT = YES;
			};
			name = Release;
		};
		5E50C23B25C4801B00654082 /* Debug */ = {
			isa = XCBuildConfiguration;
			buildSettings = {
				ALWAYS_EMBED_SWIFT_STANDARD_LIBRARIES = YES;
				CODE_SIGN_STYLE = Automatic;
				COMBINE_HIDPI_IMAGES = YES;
				DEVELOPMENT_TEAM = 5TM2BRZ696;
				INFOPLIST_FILE = "Tests macOS/Info.plist";
				LD_RUNPATH_SEARCH_PATHS = (
					"$(inherited)",
					"@executable_path/../Frameworks",
					"@loader_path/../Frameworks",
				);
				MACOSX_DEPLOYMENT_TARGET = 11.1;
				PRODUCT_BUNDLE_IDENTIFIER = "com.IITwrl.Tests-macOS";
				PRODUCT_NAME = "$(TARGET_NAME)";
				SDKROOT = macosx;
				SWIFT_VERSION = 5.0;
				TEST_TARGET_NAME = "PlottingTEST (macOS)";
			};
			name = Debug;
		};
		5E50C23C25C4801B00654082 /* Release */ = {
			isa = XCBuildConfiguration;
			buildSettings = {
				ALWAYS_EMBED_SWIFT_STANDARD_LIBRARIES = YES;
				CODE_SIGN_STYLE = Automatic;
				COMBINE_HIDPI_IMAGES = YES;
				DEVELOPMENT_TEAM = 5TM2BRZ696;
				INFOPLIST_FILE = "Tests macOS/Info.plist";
				LD_RUNPATH_SEARCH_PATHS = (
					"$(inherited)",
					"@executable_path/../Frameworks",
					"@loader_path/../Frameworks",
				);
				MACOSX_DEPLOYMENT_TARGET = 11.1;
				PRODUCT_BUNDLE_IDENTIFIER = "com.IITwrl.Tests-macOS";
				PRODUCT_NAME = "$(TARGET_NAME)";
				SDKROOT = macosx;
				SWIFT_VERSION = 5.0;
				TEST_TARGET_NAME = "PlottingTEST (macOS)";
			};
			name = Release;
		};
/* End XCBuildConfiguration section */

/* Begin XCConfigurationList section */
		5E50C1FE25C4801A00654082 /* Build configuration list for PBXProject "PlottingTEST" */ = {
			isa = XCConfigurationList;
			buildConfigurations = (
				5E50C22F25C4801B00654082 /* Debug */,
				5E50C23025C4801B00654082 /* Release */,
			);
			defaultConfigurationIsVisible = 0;
			defaultConfigurationName = Release;
		};
		5E50C23125C4801B00654082 /* Build configuration list for PBXNativeTarget "PlottingTEST (iOS)" */ = {
			isa = XCConfigurationList;
			buildConfigurations = (
				5E50C23225C4801B00654082 /* Debug */,
				5E50C23325C4801B00654082 /* Release */,
			);
			defaultConfigurationIsVisible = 0;
			defaultConfigurationName = Release;
		};
		5E50C23425C4801B00654082 /* Build configuration list for PBXNativeTarget "PlottingTEST (macOS)" */ = {
			isa = XCConfigurationList;
			buildConfigurations = (
				5E50C23525C4801B00654082 /* Debug */,
				5E50C23625C4801B00654082 /* Release */,
			);
			defaultConfigurationIsVisible = 0;
			defaultConfigurationName = Release;
		};
		5E50C23725C4801B00654082 /* Build configuration list for PBXNativeTarget "Tests iOS" */ = {
			isa = XCConfigurationList;
			buildConfigurations = (
				5E50C23825C4801B00654082 /* Debug */,
				5E50C23925C4801B00654082 /* Release */,
			);
			defaultConfigurationIsVisible = 0;
			defaultConfigurationName = Release;
		};
		5E50C23A25C4801B00654082 /* Build configuration list for PBXNativeTarget "Tests macOS" */ = {
			isa = XCConfigurationList;
			buildConfigurations = (
				5E50C23B25C4801B00654082 /* Debug */,
				5E50C23C25C4801B00654082 /* Release */,
			);
			defaultConfigurationIsVisible = 0;
			defaultConfigurationName = Release;
		};
/* End XCConfigurationList section */
	};
	rootObject = 5E50C1FB25C4801A00654082 /* Project object */;
}
